
Microsoft Visual Studio Solution File, Format Version 12.00
# Visual Studio Version 17
VisualStudioVersion = 17.11.35327.3
MinimumVisualStudioVersion = 10.0.40219.1
Project("{8BC9CEB8-8B4A-11D0-8D11-00A0C91BC942}") = "ESC-from-PlanetX-OpenGL", "ESC-from-PlanetX-OpenGL.vcxproj", "{208C02E3-3A01-407D-9E34-4B2F4B139375}"
EndProject
Global
	GlobalSection(SolutionConfigurationPlatforms) = preSolution
		Debug|Win32 = Debug|Win32
		Debug|x64 = Debug|x64
		Debug|x86 = Debug|x86
		Release|Win32 = Release|Win32
		Release|x64 = Release|x64
		Release|x86 = Release|x86
	EndGlobalSection
	GlobalSection(ProjectConfigurationPlatforms) = postSolution
		{208C02E3-3A01-407D-9E34-4B2F4B139375}.Debug|Win32.ActiveCfg = Debug|Win32
		{208C02E3-3A01-407D-9E34-4B2F4B139375}.Debug|Win32.Build.0 = Debug|Win32
		{208C02E3-3A01-407D-9E34-4B2F4B139375}.Debug|x64.ActiveCfg = Debug|Win32
		{208C02E3-3A01-407D-9E34-4B2F4B139375}.Debug|x64.Build.0 = Debug|Win32
		{208C02E3-3A01-407D-9E34-4B2F4B139375}.Debug|x86.ActiveCfg = Debug|Win32
		{208C02E3-3A01-407D-9E34-4B2F4B139375}.Debug|x86.Build.0 = Debug|Win32
		{208C02E3-3A01-407D-9E34-4B2F4B139375}.Release|Win32.ActiveCfg = Release|Win32
		{208C02E3-3A01-407D-9E34-4B2F4B139375}.Release|Win32.Build.0 = Release|Win32
		{208C02E3-3A01-407D-9E34-4B2F4B139375}.Release|x64.ActiveCfg = Release|x64
		{208C02E3-3A01-407D-9E34-4B2F4B139375}.Release|x64.Build.0 = Release|x64
		{208C02E3-3A01-407D-9E34-4B2F4B139375}.Release|x86.ActiveCfg = Release|Win32
		{208C02E3-3A01-407D-9E34-4B2F4B139375}.Release|x86.Build.0 = Release|Win32
	EndGlobalSection
	GlobalSection(SolutionProperties) = preSolution
		HideSolutionNode = FALSE
	EndGlobalSection
	GlobalSection(ExtensibilityGlobals) = postSolution
		SolutionGuid = {4F3DA464-C066-4CE0-8548-48BCCFF96E8D}
	EndGlobalSection
EndGlobal
